
Microsoft Visual Studio Solution File, Format Version 12.00
# Visual Studio Version 17
VisualStudioVersion = 17.11.35327.3
MinimumVisualStudioVersion = 10.0.40219.1
Project("{FAE04EC0-301F-11D3-BF4B-00C04F79EFBC}") = "logica05", "logica05.csproj", "{0B0A77AB-3720-4370-AD4D-541F22214F96}"
EndProject
Global
	GlobalSection(SolutionConfigurationPlatforms) = preSolution
		Debug|Any CPU = Debug|Any CPU
		Release|Any CPU = Release|Any CPU
	EndGlobalSection
	GlobalSection(ProjectConfigurationPlatforms) = postSolution
		{0B0A77AB-3720-4370-AD4D-541F22214F96}.Debug|Any CPU.ActiveCfg = Debug|Any CPU
		{0B0A77AB-3720-4370-AD4D-541F22214F96}.Debug|Any CPU.Build.0 = Debug|Any CPU
		{0B0A77AB-3720-4370-AD4D-541F22214F96}.Release|Any CPU.ActiveCfg = Release|Any CPU
		{0B0A77AB-3720-4370-AD4D-541F22214F96}.Release|Any CPU.Build.0 = Release|Any CPU
	EndGlobalSection
	GlobalSection(SolutionProperties) = preSolution
		HideSolutionNode = FALSE
	EndGlobalSection
	GlobalSection(ExtensibilityGlobals) = postSolution
		SolutionGuid = {CFC638FD-E9B1-4014-B692-BA3285E0A359}
	EndGlobalSection
EndGlobal
