
Microsoft Visual Studio Solution File, Format Version 12.00
# Visual Studio Version 17
VisualStudioVersion = 17.11.35327.3
MinimumVisualStudioVersion = 10.0.40219.1
Project("{FAE04EC0-301F-11D3-BF4B-00C04F79EFBC}") = "logica04", "logica04.csproj", "{2E921973-635F-4C1A-A66C-10C05CC18FAA}"
EndProject
Global
	GlobalSection(SolutionConfigurationPlatforms) = preSolution
		Debug|Any CPU = Debug|Any CPU
		Release|Any CPU = Release|Any CPU
	EndGlobalSection
	GlobalSection(ProjectConfigurationPlatforms) = postSolution
		{2E921973-635F-4C1A-A66C-10C05CC18FAA}.Debug|Any CPU.ActiveCfg = Debug|Any CPU
		{2E921973-635F-4C1A-A66C-10C05CC18FAA}.Debug|Any CPU.Build.0 = Debug|Any CPU
		{2E921973-635F-4C1A-A66C-10C05CC18FAA}.Release|Any CPU.ActiveCfg = Release|Any CPU
		{2E921973-635F-4C1A-A66C-10C05CC18FAA}.Release|Any CPU.Build.0 = Release|Any CPU
	EndGlobalSection
	GlobalSection(SolutionProperties) = preSolution
		HideSolutionNode = FALSE
	EndGlobalSection
	GlobalSection(ExtensibilityGlobals) = postSolution
		SolutionGuid = {A7CF8E2C-9293-4584-9F4C-A2448E4A24D7}
	EndGlobalSection
EndGlobal
